
Microsoft Visual Studio Solution File, Format Version 12.00
# Visual Studio Version 16
VisualStudioVersion = 16.0.33214.272
MinimumVisualStudioVersion = 10.0.40219.1
Project("{FAE04EC0-301F-11D3-BF4B-00C04F79EFBC}") = "PersonsInfoV2Api", "PersonsInfoV2Api.csproj", "{6241F250-F022-4CFE-A5C2-50485B29B7EF}"
EndProject
Global
	GlobalSection(SolutionConfigurationPlatforms) = preSolution
		Debug|Any CPU = Debug|Any CPU
		Release|Any CPU = Release|Any CPU
	EndGlobalSection
	GlobalSection(ProjectConfigurationPlatforms) = postSolution
		{6241F250-F022-4CFE-A5C2-50485B29B7EF}.Debug|Any CPU.ActiveCfg = Debug|Any CPU
		{6241F250-F022-4CFE-A5C2-50485B29B7EF}.Debug|Any CPU.Build.0 = Debug|Any CPU
		{6241F250-F022-4CFE-A5C2-50485B29B7EF}.Release|Any CPU.ActiveCfg = Release|Any CPU
		{6241F250-F022-4CFE-A5C2-50485B29B7EF}.Release|Any CPU.Build.0 = Release|Any CPU
	EndGlobalSection
	GlobalSection(SolutionProperties) = preSolution
		HideSolutionNode = FALSE
	EndGlobalSection
	GlobalSection(ExtensibilityGlobals) = postSolution
		SolutionGuid = {BED32D8D-9E34-4D6A-B7A8-AACBB6D42239}
	EndGlobalSection
EndGlobal
